
Microsoft Visual Studio Solution File, Format Version 12.00
# Visual Studio Version 16
VisualStudioVersion = 16.0.31624.102
MinimumVisualStudioVersion = 10.0.40219.1
Project("{FAE04EC0-301F-11D3-BF4B-00C04F79EFBC}") = "CurrencyConverter", "CurrencyConverter\CurrencyConverter.csproj", "{1FB19ED3-D7DC-4DD9-89CC-1D95419357DF}"
EndProject
Global
	GlobalSection(SolutionConfigurationPlatforms) = preSolution
		Debug|Any CPU = Debug|Any CPU
		Release|Any CPU = Release|Any CPU
	EndGlobalSection
	GlobalSection(ProjectConfigurationPlatforms) = postSolution
		{1FB19ED3-D7DC-4DD9-89CC-1D95419357DF}.Debug|Any CPU.ActiveCfg = Debug|Any CPU
		{1FB19ED3-D7DC-4DD9-89CC-1D95419357DF}.Debug|Any CPU.Build.0 = Debug|Any CPU
		{1FB19ED3-D7DC-4DD9-89CC-1D95419357DF}.Release|Any CPU.ActiveCfg = Release|Any CPU
		{1FB19ED3-D7DC-4DD9-89CC-1D95419357DF}.Release|Any CPU.Build.0 = Release|Any CPU
	EndGlobalSection
	GlobalSection(SolutionProperties) = preSolution
		HideSolutionNode = FALSE
	EndGlobalSection
	GlobalSection(ExtensibilityGlobals) = postSolution
		SolutionGuid = {6A0C6E76-DA47-4E3C-8BDB-6F7AB4EF01C7}
	EndGlobalSection
EndGlobal
